{
  "lockfile_version": "1",
  "packages": {
    "bats@latest": {
      "last_modified": "2024-07-22T04:21:33Z",
      "resolved": "github:NixOS/nixpkgs/453402b94f39f968a7c27df28e060f69e4a50c3b#bats",
      "source": "devbox-search",
      "version": "1.11.0",
      "systems": {
        "aarch64-darwin": {
          "outputs": [
            {
              "name": "out",
              "path": "/nix/store/9c474f5ihmkambi08p7y20hmvgavs3rg-bats-1.11.0",
              "default": true
            }
          ],
          "store_path": "/nix/store/9c474f5ihmkambi08p7y20hmvgavs3rg-bats-1.11.0"
        },
        "aarch64-linux": {
          "outputs": [
            {
              "name": "out",
              "path": "/nix/store/j5zf08r9b0rcavaykmhps37gfgsnhz3v-bats-1.11.0",
              "default": true
            }
          ],
          "store_path": "/nix/store/j5zf08r9b0rcavaykmhps37gfgsnhz3v-bats-1.11.0"
        },
        "x86_64-darwin": {
          "outputs": [
            {
              "name": "out",
              "path": "/nix/store/7i02891wiv517djc2gixn75w7b0bl12y-bats-1.11.0",
              "default": true
            }
          ],
          "store_path": "/nix/store/7i02891wiv517djc2gixn75w7b0bl12y-bats-1.11.0"
        },
        "x86_64-linux": {
          "outputs": [
            {
              "name": "out",
              "path": "/nix/store/qcj0rwcb8dc8z9py0hqn8mp2pnic5j24-bats-1.11.0",
              "default": true
            }
          ],
          "store_path": "/nix/store/qcj0rwcb8dc8z9py0hqn8mp2pnic5j24-bats-1.11.0"
        }
      }
    },
    "commitizen@latest": {
      "last_modified": "2024-07-26T05:01:57Z",
      "resolved": "github:NixOS/nixpkgs/733453ac54a40997a6a690b60f3942d79560247c#commitizen",
      "source": "devbox-search",
      "version": "3.28.0",
      "systems": {
        "aarch64-darwin": {
          "outputs": [
            {
              "name": "out",
              "path": "/nix/store/3d9kc6hby78l9qbib5l1hsm9xh6yxlp2-commitizen-3.28.0",
              "default": true
            },
            {
              "name": "dist",
              "path": "/nix/store/6jj7cm4nxvillz6yjz5bdwdwv078ybch-commitizen-3.28.0-dist"
            }
          ],
          "store_path": "/nix/store/3d9kc6hby78l9qbib5l1hsm9xh6yxlp2-commitizen-3.28.0"
        },
        "aarch64-linux": {
          "outputs": [
            {
              "name": "out",
              "path": "/nix/store/zswlv96142pqlif5pwq4bgqz9ms2am6w-commitizen-3.28.0",
              "default": true
            },
            {
              "name": "dist",
              "path": "/nix/store/1z2z3902rycrxg7j8ym9n6bzvlnsvrwi-commitizen-3.28.0-dist"
            }
          ],
          "store_path": "/nix/store/zswlv96142pqlif5pwq4bgqz9ms2am6w-commitizen-3.28.0"
        },
        "x86_64-darwin": {
          "outputs": [
            {
              "name": "out",
              "path": "/nix/store/8kdd56n82kbxvy5g6qi800xc0cw5673y-commitizen-3.28.0",
              "default": true
            },
            {
              "name": "dist",
              "path": "/nix/store/lhif7g03pq7kxw7h0sb5d38x5qg3m862-commitizen-3.28.0-dist"
            }
          ],
          "store_path": "/nix/store/8kdd56n82kbxvy5g6qi800xc0cw5673y-commitizen-3.28.0"
        },
        "x86_64-linux": {
          "outputs": [
            {
              "name": "out",
              "path": "/nix/store/42h8phsz1243xjg1bvc5j1xspkyxbz1k-commitizen-3.28.0",
              "default": true
            },
            {
              "name": "dist",
              "path": "/nix/store/wzycf0msn1d3bh68mm3fszkimhkxwgl7-commitizen-3.28.0-dist"
            }
          ],
          "store_path": "/nix/store/42h8phsz1243xjg1bvc5j1xspkyxbz1k-commitizen-3.28.0"
        }
      }
    },
    "gum@latest": {
      "last_modified": "2024-09-10T15:01:03Z",
      "resolved": "github:NixOS/nixpkgs/5ed627539ac84809c78b2dd6d26a5cebeb5ae269#gum",
      "source": "devbox-search",
      "version": "0.14.5",
      "systems": {
        "aarch64-darwin": {
          "outputs": [
            {
              "name": "out",
              "path": "/nix/store/n1gqffrwdzr3vpsmwmwx3hmw814c1k6g-gum-0.14.5",
              "default": true
            }
          ],
          "store_path": "/nix/store/n1gqffrwdzr3vpsmwmwx3hmw814c1k6g-gum-0.14.5"
        },
        "aarch64-linux": {
          "outputs": [
            {
              "name": "out",
              "path": "/nix/store/ggp10jr3l6higs0gqibp6ypjlf7yakpc-gum-0.14.5",
              "default": true
            }
          ],
          "store_path": "/nix/store/ggp10jr3l6higs0gqibp6ypjlf7yakpc-gum-0.14.5"
        },
        "x86_64-darwin": {
          "outputs": [
            {
              "name": "out",
              "path": "/nix/store/jq8shghha81s1wg67fcjrfnf4hbliimn-gum-0.14.5",
              "default": true
            }
          ],
          "store_path": "/nix/store/jq8shghha81s1wg67fcjrfnf4hbliimn-gum-0.14.5"
        },
        "x86_64-linux": {
          "outputs": [
            {
              "name": "out",
              "path": "/nix/store/f199acwir08z47f3d5kf1fhmhajmd1ig-gum-0.14.5",
              "default": true
            }
          ],
          "store_path": "/nix/store/f199acwir08z47f3d5kf1fhmhajmd1ig-gum-0.14.5"
        }
      }
    },
    "python311@latest": {
      "last_modified": "2024-06-12T20:55:33Z",
      "plugin_version": "0.0.4",
      "resolved": "github:NixOS/nixpkgs/a9858885e197f984d92d7fe64e9fff6b2e488d40#python3",
      "source": "devbox-search",
      "version": "3.11.9",
      "systems": {
        "aarch64-darwin": {
          "outputs": [
            {
              "name": "out",
              "path": "/nix/store/327bf08j5b7l9cnzink3g4vp32y5352j-python3-3.11.9",
              "default": true
            }
          ],
          "store_path": "/nix/store/327bf08j5b7l9cnzink3g4vp32y5352j-python3-3.11.9"
        },
        "aarch64-linux": {
          "outputs": [
            {
              "name": "out",
              "path": "/nix/store/q3x28mimkawkdjlvd78jxv3s0fk25vz8-python3-3.11.9",
              "default": true
            },
            {
              "name": "debug",
              "path": "/nix/store/kl8hjhf6x7dz7brs1ylkxy26qb8argaq-python3-3.11.9-debug"
            }
          ],
          "store_path": "/nix/store/q3x28mimkawkdjlvd78jxv3s0fk25vz8-python3-3.11.9"
        },
        "x86_64-darwin": {
          "outputs": [
            {
              "name": "out",
              "path": "/nix/store/9lcbaggnygcqpgzakib5lwisks8gnn5i-python3-3.11.9",
              "default": true
            }
          ],
          "store_path": "/nix/store/9lcbaggnygcqpgzakib5lwisks8gnn5i-python3-3.11.9"
        },
        "x86_64-linux": {
          "outputs": [
            {
              "name": "out",
              "path": "/nix/store/6b1fqdwb3g56j5pazv8zkx9qd0mv3wiz-python3-3.11.9",
              "default": true
            },
            {
              "name": "debug",
              "path": "/nix/store/61rzpp3v8dsf6h17h3jnnwlm5hwc2brr-python3-3.11.9-debug"
            }
          ],
          "store_path": "/nix/store/6b1fqdwb3g56j5pazv8zkx9qd0mv3wiz-python3-3.11.9"
        }
      }
    },
    "python311Packages.pytest@latest": {
      "last_modified": "2024-08-04T20:22:49Z",
      "resolved": "github:NixOS/nixpkgs/785feb91183a50959823ff9ba9ef673105259cd5#python311Packages.pytest",
      "source": "devbox-search",
      "version": "8.2.2",
      "systems": {
        "aarch64-darwin": {
          "outputs": [
            {
              "name": "out",
              "path": "/nix/store/6327fd486chd4j1qgri3j1fxi1y46q5d-python3.11-pytest-8.2.2",
              "default": true
            },
            {
              "name": "testout",
              "path": "/nix/store/bzpvh9rlphd6jlq28bnhy9ynrcv46c2b-python3.11-pytest-8.2.2-testout"
            },
            {
              "name": "dist",
              "path": "/nix/store/av9k0vbr751vrsvmw3f7da46n3rmmi1x-python3.11-pytest-8.2.2-dist"
            }
          ],
          "store_path": "/nix/store/6327fd486chd4j1qgri3j1fxi1y46q5d-python3.11-pytest-8.2.2"
        },
        "aarch64-linux": {
          "outputs": [
            {
              "name": "out",
              "path": "/nix/store/gc6mdc9p2vhpf27dxjxdxdma8y7d6n32-python3.11-pytest-8.2.2",
              "default": true
            },
            {
              "name": "dist",
              "path": "/nix/store/fha96w9plb68x1x64w374l79xp8pl7bx-python3.11-pytest-8.2.2-dist"
            },
            {
              "name": "testout",
              "path": "/nix/store/50734ny6qhf0nai0d6rw6n2lnswgik2q-python3.11-pytest-8.2.2-testout"
            }
          ],
          "store_path": "/nix/store/gc6mdc9p2vhpf27dxjxdxdma8y7d6n32-python3.11-pytest-8.2.2"
        },
        "x86_64-darwin": {
          "outputs": [
            {
              "name": "out",
              "path": "/nix/store/qvggdqzi2s5rby75qixb8b7rx126llcz-python3.11-pytest-8.2.2",
              "default": true
            },
            {
              "name": "dist",
              "path": "/nix/store/nr9ga5b4lzc372wm6z609mvaz0xw45ly-python3.11-pytest-8.2.2-dist"
            },
            {
              "name": "testout",
              "path": "/nix/store/gnx9xg175q4yq8jxhifmkpq3wd0vkh38-python3.11-pytest-8.2.2-testout"
            }
          ],
          "store_path": "/nix/store/qvggdqzi2s5rby75qixb8b7rx126llcz-python3.11-pytest-8.2.2"
        },
        "x86_64-linux": {
          "outputs": [
            {
              "name": "out",
              "path": "/nix/store/qjd6j70chzi0bxl226lnfnr83qdiyshq-python3.11-pytest-8.2.2",
              "default": true
            },
            {
              "name": "dist",
              "path": "/nix/store/ym2xvc4239zk4xxpgak7zzlidw06jk5r-python3.11-pytest-8.2.2-dist"
            },
            {
              "name": "testout",
              "path": "/nix/store/j7f1pi3i39bcq7mfqd2samrzac180zsv-python3.11-pytest-8.2.2-testout"
            }
          ],
          "store_path": "/nix/store/qjd6j70chzi0bxl226lnfnr83qdiyshq-python3.11-pytest-8.2.2"
        }
      }
    }
  }
}
